// !$*UTF8*$!
{
	archiveVersion = 1;
	classes = {
	};
	objectVersion = 46;
	objects = {

/* Begin PBXBuildFile section */
		530F7C11196F4BA400316D6E /* Foundation.framework in Frameworks */ = {isa = PBXBuildFile; fileRef = 530F7C10196F4BA400316D6E /* Foundation.framework */; };
		530F7C13196F4BA400316D6E /* CoreGraphics.framework in Frameworks */ = {isa = PBXBuildFile; fileRef = 530F7C12196F4BA400316D6E /* CoreGraphics.framework */; };
		530F7C15196F4BA400316D6E /* UIKit.framework in Frameworks */ = {isa = PBXBuildFile; fileRef = 530F7C14196F4BA400316D6E /* UIKit.framework */; };
		530F7C1B196F4BA400316D6E /* InfoPlist.strings in Resources */ = {isa = PBXBuildFile; fileRef = 530F7C19196F4BA400316D6E /* InfoPlist.strings */; };
		530F7C1D196F4BA400316D6E /* main.m in Sources */ = {isa = PBXBuildFile; fileRef = 530F7C1C196F4BA400316D6E /* main.m */; };
		530F7C21196F4BA400316D6E /* iChangeAppDelegate.m in Sources */ = {isa = PBXBuildFile; fileRef = 530F7C20196F4BA400316D6E /* iChangeAppDelegate.m */; };
		530F7C24196F4BA400316D6E /* Main.storyboard in Resources */ = {isa = PBXBuildFile; fileRef = 530F7C22196F4BA400316D6E /* Main.storyboard */; };
		530F7C27196F4BA400316D6E /* iChangeViewController.m in Sources */ = {isa = PBXBuildFile; fileRef = 530F7C26196F4BA400316D6E /* iChangeViewController.m */; };
		530F7C29196F4BA400316D6E /* Images.xcassets in Resources */ = {isa = PBXBuildFile; fileRef = 530F7C28196F4BA400316D6E /* Images.xcassets */; };
		530F7C30196F4BA400316D6E /* XCTest.framework in Frameworks */ = {isa = PBXBuildFile; fileRef = 530F7C2F196F4BA400316D6E /* XCTest.framework */; };
		530F7C31196F4BA400316D6E /* Foundation.framework in Frameworks */ = {isa = PBXBuildFile; fileRef = 530F7C10196F4BA400316D6E /* Foundation.framework */; };
		530F7C32196F4BA400316D6E /* UIKit.framework in Frameworks */ = {isa = PBXBuildFile; fileRef = 530F7C14196F4BA400316D6E /* UIKit.framework */; };
		530F7C3A196F4BA400316D6E /* InfoPlist.strings in Resources */ = {isa = PBXBuildFile; fileRef = 530F7C38196F4BA400316D6E /* InfoPlist.strings */; };
		530F7C3C196F4BA400316D6E /* iChangeTests.m in Sources */ = {isa = PBXBuildFile; fileRef = 530F7C3B196F4BA400316D6E /* iChangeTests.m */; };
		530F7C48196F4D7900316D6E /* lock.png in Resources */ = {isa = PBXBuildFile; fileRef = 530F7C46196F4D7900316D6E /* lock.png */; };
		530F7C49196F4D7900316D6E /* user.png in Resources */ = {isa = PBXBuildFile; fileRef = 530F7C47196F4D7900316D6E /* user.png */; };
		530F7C53196F5CAA00316D6E /* loginBack.png in Resources */ = {isa = PBXBuildFile; fileRef = 530F7C52196F5CAA00316D6E /* loginBack.png */; };
		537835581975B5E400ED043D /* userInfoTableViewCell.m in Sources */ = {isa = PBXBuildFile; fileRef = 537835561975B5E400ED043D /* userInfoTableViewCell.m */; };
		537835591975B5E400ED043D /* userInfoTableViewCell.xib in Resources */ = {isa = PBXBuildFile; fileRef = 537835571975B5E400ED043D /* userInfoTableViewCell.xib */; };
		5378355D1975BA3900ED043D /* userinfoCell.png in Resources */ = {isa = PBXBuildFile; fileRef = 5378355A1975BA3900ED043D /* userinfoCell.png */; };
		5378355E1975BA3900ED043D /* userinfoPass.png in Resources */ = {isa = PBXBuildFile; fileRef = 5378355B1975BA3900ED043D /* userinfoPass.png */; };
		5378355F1975BA3900ED043D /* userinfoUser.png in Resources */ = {isa = PBXBuildFile; fileRef = 5378355C1975BA3900ED043D /* userinfoUser.png */; };
		537835611975C65600ED043D /* bulb.png in Resources */ = {isa = PBXBuildFile; fileRef = 537835601975C65600ED043D /* bulb.png */; };
		537835651975E7A300ED043D /* userDetailsViewController.m in Sources */ = {isa = PBXBuildFile; fileRef = 537835631975E7A300ED043D /* userDetailsViewController.m */; };
		537835661975E7A300ED043D /* userDetailsViewController.xib in Resources */ = {isa = PBXBuildFile; fileRef = 537835641975E7A300ED043D /* userDetailsViewController.xib */; };
		537836141976ED1200ED043D /* shakes_back.png in Resources */ = {isa = PBXBuildFile; fileRef = 537836131976ED1200ED043D /* shakes_back.png */; };
		537836161976F05A00ED043D /* takephoto.png in Resources */ = {isa = PBXBuildFile; fileRef = 537836151976F05A00ED043D /* takephoto.png */; };
		537836181976F10D00ED043D /* photo.png in Resources */ = {isa = PBXBuildFile; fileRef = 537836171976F10D00ED043D /* photo.png */; };
		5378361A1976F6A000ED043D /* selfieTmp.png in Resources */ = {isa = PBXBuildFile; fileRef = 537836191976F6A000ED043D /* selfieTmp.png */; };
		5378361C1976FBCD00ED043D /* photo_green.png in Resources */ = {isa = PBXBuildFile; fileRef = 5378361B1976FBCD00ED043D /* photo_green.png */; };
		5378362019770C8D00ED043D /* userDetailsCellTableViewCell.m in Sources */ = {isa = PBXBuildFile; fileRef = 5378361E19770C8D00ED043D /* userDetailsCellTableViewCell.m */; };
		5378362119770C8D00ED043D /* userDetailsCellTableViewCell.xib in Resources */ = {isa = PBXBuildFile; fileRef = 5378361F19770C8D00ED043D /* userDetailsCellTableViewCell.xib */; };
		537836241977458500ED043D /* gender.png in Resources */ = {isa = PBXBuildFile; fileRef = 537836221977458500ED043D /* gender.png */; };
		537836251977458500ED043D /* height.png in Resources */ = {isa = PBXBuildFile; fileRef = 537836231977458500ED043D /* height.png */; };
		537836281977459000ED043D /* starting.png in Resources */ = {isa = PBXBuildFile; fileRef = 537836261977459000ED043D /* starting.png */; };
		537836291977459000ED043D /* units.png in Resources */ = {isa = PBXBuildFile; fileRef = 537836271977459000ED043D /* units.png */; };
		53BC55801970698C00C063DF /* ConnectionViewController.m in Sources */ = {isa = PBXBuildFile; fileRef = 53BC557E1970698C00C063DF /* ConnectionViewController.m */; };
		53BC55811970698C00C063DF /* ConnectionViewController.xib in Resources */ = {isa = PBXBuildFile; fileRef = 53BC557F1970698C00C063DF /* ConnectionViewController.xib */; };
		53BC558E197074D100C063DF /* NSObject+SBJSON.m in Sources */ = {isa = PBXBuildFile; fileRef = 53BC5585197074D100C063DF /* NSObject+SBJSON.m */; };
		53BC558F197074D100C063DF /* NSString+SBJSON.m in Sources */ = {isa = PBXBuildFile; fileRef = 53BC5587197074D100C063DF /* NSString+SBJSON.m */; };
		53BC5590197074D100C063DF /* SBJsonBase.m in Sources */ = {isa = PBXBuildFile; fileRef = 53BC5589197074D100C063DF /* SBJsonBase.m */; };
		53BC5591197074D100C063DF /* SBJsonParser.m in Sources */ = {isa = PBXBuildFile; fileRef = 53BC558B197074D100C063DF /* SBJsonParser.m */; };
		53BC5592197074D100C063DF /* SBJsonWriter.m in Sources */ = {isa = PBXBuildFile; fileRef = 53BC558D197074D100C063DF /* SBJsonWriter.m */; };
		53BC55991970975A00C063DF /* herbalifeLoginViewController.m in Sources */ = {isa = PBXBuildFile; fileRef = 53BC55971970975A00C063DF /* herbalifeLoginViewController.m */; };
		53BC559A1970975A00C063DF /* herbalifeLoginViewController.xib in Resources */ = {isa = PBXBuildFile; fileRef = 53BC55981970975A00C063DF /* herbalifeLoginViewController.xib */; };
		53BC55A119709A9300C063DF /* ichangeLoginViewController.m in Sources */ = {isa = PBXBuildFile; fileRef = 53BC55A019709A9300C063DF /* ichangeLoginViewController.m */; };
		53BC55A819743D4600C063DF /* topImage.png in Resources */ = {isa = PBXBuildFile; fileRef = 53BC55A719743D4600C063DF /* topImage.png */; };
		53BC55AA19743DF000C063DF /* ichange_banner.png in Resources */ = {isa = PBXBuildFile; fileRef = 53BC55A919743DF000C063DF /* ichange_banner.png */; };
		53DB0CA31981B882006AA0E1 /* userAlone.png in Resources */ = {isa = PBXBuildFile; fileRef = 53DB0CA21981B882006AA0E1 /* userAlone.png */; };
		53DB0CA71981BD50006AA0E1 /* initialiChangeViewController.m in Sources */ = {isa = PBXBuildFile; fileRef = 53DB0CA61981BD50006AA0E1 /* initialiChangeViewController.m */; };
		53DB0CA91981C166006AA0E1 /* backGreen.png in Resources */ = {isa = PBXBuildFile; fileRef = 53DB0CA81981C166006AA0E1 /* backGreen.png */; };
		53DB0CAB1981CA79006AA0E1 /* backSignup.png in Resources */ = {isa = PBXBuildFile; fileRef = 53DB0CAA1981CA79006AA0E1 /* backSignup.png */; };
		53DB0CB11982BE90006AA0E1 /* newLogback.png in Resources */ = {isa = PBXBuildFile; fileRef = 53DB0CB01982BE90006AA0E1 /* newLogback.png */; };
		53DBC5551982C80A00564B8B /* backArrow.png in Resources */ = {isa = PBXBuildFile; fileRef = 53DBC5541982C80A00564B8B /* backArrow.png */; };
		53F20BA019806F5C000E028E /* SWRevealViewController.m in Sources */ = {isa = PBXBuildFile; fileRef = 53F20B9F19806F5C000E028E /* SWRevealViewController.m */; };
		53F20BA31980765B000E028E /* editAccount.png in Resources */ = {isa = PBXBuildFile; fileRef = 53F20BA11980765B000E028E /* editAccount.png */; };
		53F20BA41980765B000E028E /* editProfile.png in Resources */ = {isa = PBXBuildFile; fileRef = 53F20BA21980765B000E028E /* editProfile.png */; };
		53F20BA719807666000E028E /* logOut.png in Resources */ = {isa = PBXBuildFile; fileRef = 53F20BA519807666000E028E /* logOut.png */; };
		53F20BA819807666000E028E /* sendFeedback.png in Resources */ = {isa = PBXBuildFile; fileRef = 53F20BA619807666000E028E /* sendFeedback.png */; };
		53F20BAA19807AB8000E028E /* homeMain.png in Resources */ = {isa = PBXBuildFile; fileRef = 53F20BA919807AB8000E028E /* homeMain.png */; };
		53F20BAD19807F32000E028E /* SettingsTableViewController.m in Sources */ = {isa = PBXBuildFile; fileRef = 53F20BAC19807F32000E028E /* SettingsTableViewController.m */; };
		53F20BB21980855C000E028E /* home.png in Resources */ = {isa = PBXBuildFile; fileRef = 53F20BAE1980855C000E028E /* home.png */; };
		53F20BB31980855C000E028E /* home@2x.png in Resources */ = {isa = PBXBuildFile; fileRef = 53F20BAF1980855C000E028E /* home@2x.png */; };
		53F20BB41980855C000E028E /* homeSelected.png in Resources */ = {isa = PBXBuildFile; fileRef = 53F20BB01980855C000E028E /* homeSelected.png */; };
		53F20BB51980855C000E028E /* homeSelected@2x.png in Resources */ = {isa = PBXBuildFile; fileRef = 53F20BB11980855C000E028E /* homeSelected@2x.png */; };
		53F20BBA19809324000E028E /* add.png in Resources */ = {isa = PBXBuildFile; fileRef = 53F20BB619809324000E028E /* add.png */; };
		53F20BBB19809324000E028E /* add@2x.png in Resources */ = {isa = PBXBuildFile; fileRef = 53F20BB719809324000E028E /* add@2x.png */; };
		53F20BBC19809324000E028E /* friends.png in Resources */ = {isa = PBXBuildFile; fileRef = 53F20BB819809324000E028E /* friends.png */; };
		53F20BBD19809324000E028E /* friends@2x.png in Resources */ = {isa = PBXBuildFile; fileRef = 53F20BB919809324000E028E /* friends@2x.png */; };
		53F20BC019809331000E028E /* notifications.png in Resources */ = {isa = PBXBuildFile; fileRef = 53F20BBE19809331000E028E /* notifications.png */; };
		53F20BC119809331000E028E /* notifications@2x.png in Resources */ = {isa = PBXBuildFile; fileRef = 53F20BBF19809331000E028E /* notifications@2x.png */; };
		53F20BC319817541000E028E /* exclamation.png in Resources */ = {isa = PBXBuildFile; fileRef = 53F20BC219817541000E028E /* exclamation.png */; };
		53F20BC519817549000E028E /* underConstruction.png in Resources */ = {isa = PBXBuildFile; fileRef = 53F20BC419817549000E028E /* underConstruction.png */; };
		53F20BC71981776F000E028E /* provisionalLogo.png in Resources */ = {isa = PBXBuildFile; fileRef = 53F20BC61981776F000E028E /* provisionalLogo.png */; };
		53F20BCE1981A03A000E028E /* UIImage+ImageEffects.m in Sources */ = {isa = PBXBuildFile; fileRef = 53F20BCD1981A03A000E028E /* UIImage+ImageEffects.m */; };
/* End PBXBuildFile section */

/* Begin PBXContainerItemProxy section */
		530F7C33196F4BA400316D6E /* PBXContainerItemProxy */ = {
			isa = PBXContainerItemProxy;
			containerPortal = 530F7C05196F4BA400316D6E /* Project object */;
			proxyType = 1;
			remoteGlobalIDString = 530F7C0C196F4BA400316D6E;
			remoteInfo = iChange;
		};
/* End PBXContainerItemProxy section */

/* Begin PBXFileReference section */
		530F7C0D196F4BA400316D6E /* iChange.app */ = {isa = PBXFileReference; explicitFileType = wrapper.application; includeInIndex = 0; path = iChange.app; sourceTree = BUILT_PRODUCTS_DIR; };
		530F7C10196F4BA400316D6E /* Foundation.framework */ = {isa = PBXFileReference; lastKnownFileType = wrapper.framework; name = Foundation.framework; path = System/Library/Frameworks/Foundation.framework; sourceTree = SDKROOT; };
		530F7C12196F4BA400316D6E /* CoreGraphics.framework */ = {isa = PBXFileReference; lastKnownFileType = wrapper.framework; name = CoreGraphics.framework; path = System/Library/Frameworks/CoreGraphics.framework; sourceTree = SDKROOT; };
		530F7C14196F4BA400316D6E /* UIKit.framework */ = {isa = PBXFileReference; lastKnownFileType = wrapper.framework; name = UIKit.framework; path = System/Library/Frameworks/UIKit.framework; sourceTree = SDKROOT; };
		530F7C18196F4BA400316D6E /* iChange-Info.plist */ = {isa = PBXFileReference; lastKnownFileType = text.plist.xml; path = "iChange-Info.plist"; sourceTree = "<group>"; };
		530F7C1A196F4BA400316D6E /* en */ = {isa = PBXFileReference; lastKnownFileType = text.plist.strings; name = en; path = en.lproj/InfoPlist.strings; sourceTree = "<group>"; };
		530F7C1C196F4BA400316D6E /* main.m */ = {isa = PBXFileReference; lastKnownFileType = sourcecode.c.objc; path = main.m; sourceTree = "<group>"; };
		530F7C1E196F4BA400316D6E /* iChange-Prefix.pch */ = {isa = PBXFileReference; lastKnownFileType = sourcecode.c.h; path = "iChange-Prefix.pch"; sourceTree = "<group>"; };
		530F7C1F196F4BA400316D6E /* iChangeAppDelegate.h */ = {isa = PBXFileReference; lastKnownFileType = sourcecode.c.h; path = iChangeAppDelegate.h; sourceTree = "<group>"; };
		530F7C20196F4BA400316D6E /* iChangeAppDelegate.m */ = {isa = PBXFileReference; lastKnownFileType = sourcecode.c.objc; path = iChangeAppDelegate.m; sourceTree = "<group>"; };
		530F7C23196F4BA400316D6E /* Base */ = {isa = PBXFileReference; lastKnownFileType = file.storyboard; name = Base; path = Base.lproj/Main.storyboard; sourceTree = "<group>"; };
		530F7C25196F4BA400316D6E /* iChangeViewController.h */ = {isa = PBXFileReference; lastKnownFileType = sourcecode.c.h; path = iChangeViewController.h; sourceTree = "<group>"; };
		530F7C26196F4BA400316D6E /* iChangeViewController.m */ = {isa = PBXFileReference; lastKnownFileType = sourcecode.c.objc; path = iChangeViewController.m; sourceTree = "<group>"; };
		530F7C28196F4BA400316D6E /* Images.xcassets */ = {isa = PBXFileReference; lastKnownFileType = folder.assetcatalog; path = Images.xcassets; sourceTree = "<group>"; };
		530F7C2E196F4BA400316D6E /* iChangeTests.xctest */ = {isa = PBXFileReference; explicitFileType = wrapper.cfbundle; includeInIndex = 0; path = iChangeTests.xctest; sourceTree = BUILT_PRODUCTS_DIR; };
		530F7C2F196F4BA400316D6E /* XCTest.framework */ = {isa = PBXFileReference; lastKnownFileType = wrapper.framework; name = XCTest.framework; path = Library/Frameworks/XCTest.framework; sourceTree = DEVELOPER_DIR; };
		530F7C37196F4BA400316D6E /* iChangeTests-Info.plist */ = {isa = PBXFileReference; lastKnownFileType = text.plist.xml; path = "iChangeTests-Info.plist"; sourceTree = "<group>"; };
		530F7C39196F4BA400316D6E /* en */ = {isa = PBXFileReference; lastKnownFileType = text.plist.strings; name = en; path = en.lproj/InfoPlist.strings; sourceTree = "<group>"; };
		530F7C3B196F4BA400316D6E /* iChangeTests.m */ = {isa = PBXFileReference; lastKnownFileType = sourcecode.c.objc; path = iChangeTests.m; sourceTree = "<group>"; };
		530F7C46196F4D7900316D6E /* lock.png */ = {isa = PBXFileReference; lastKnownFileType = image.png; path = lock.png; sourceTree = "<group>"; };
		530F7C47196F4D7900316D6E /* user.png */ = {isa = PBXFileReference; lastKnownFileType = image.png; path = user.png; sourceTree = "<group>"; };
		530F7C52196F5CAA00316D6E /* loginBack.png */ = {isa = PBXFileReference; lastKnownFileType = image.png; path = loginBack.png; sourceTree = "<group>"; };
		537835551975B5E400ED043D /* userInfoTableViewCell.h */ = {isa = PBXFileReference; fileEncoding = 4; lastKnownFileType = sourcecode.c.h; path = userInfoTableViewCell.h; sourceTree = "<group>"; };
		537835561975B5E400ED043D /* userInfoTableViewCell.m */ = {isa = PBXFileReference; fileEncoding = 4; lastKnownFileType = sourcecode.c.objc; path = userInfoTableViewCell.m; sourceTree = "<group>"; };
		537835571975B5E400ED043D /* userInfoTableViewCell.xib */ = {isa = PBXFileReference; fileEncoding = 4; lastKnownFileType = file.xib; path = userInfoTableViewCell.xib; sourceTree = "<group>"; };
		5378355A1975BA3900ED043D /* userinfoCell.png */ = {isa = PBXFileReference; lastKnownFileType = image.png; path = userinfoCell.png; sourceTree = "<group>"; };
		5378355B1975BA3900ED043D /* userinfoPass.png */ = {isa = PBXFileReference; lastKnownFileType = image.png; path = userinfoPass.png; sourceTree = "<group>"; };
		5378355C1975BA3900ED043D /* userinfoUser.png */ = {isa = PBXFileReference; lastKnownFileType = image.png; path = userinfoUser.png; sourceTree = "<group>"; };
		537835601975C65600ED043D /* bulb.png */ = {isa = PBXFileReference; lastKnownFileType = image.png; path = bulb.png; sourceTree = "<group>"; };
		537835621975E7A300ED043D /* userDetailsViewController.h */ = {isa = PBXFileReference; fileEncoding = 4; lastKnownFileType = sourcecode.c.h; path = userDetailsViewController.h; sourceTree = "<group>"; };
		537835631975E7A300ED043D /* userDetailsViewController.m */ = {isa = PBXFileReference; fileEncoding = 4; lastKnownFileType = sourcecode.c.objc; path = userDetailsViewController.m; sourceTree = "<group>"; };
		537835641975E7A300ED043D /* userDetailsViewController.xib */ = {isa = PBXFileReference; fileEncoding = 4; lastKnownFileType = file.xib; path = userDetailsViewController.xib; sourceTree = "<group>"; };
		537836131976ED1200ED043D /* shakes_back.png */ = {isa = PBXFileReference; lastKnownFileType = image.png; path = shakes_back.png; sourceTree = "<group>"; };
		537836151976F05A00ED043D /* takephoto.png */ = {isa = PBXFileReference; lastKnownFileType = image.png; path = takephoto.png; sourceTree = "<group>"; };
		537836171976F10D00ED043D /* photo.png */ = {isa = PBXFileReference; lastKnownFileType = image.png; path = photo.png; sourceTree = "<group>"; };
		537836191976F6A000ED043D /* selfieTmp.png */ = {isa = PBXFileReference; lastKnownFileType = image.png; path = selfieTmp.png; sourceTree = "<group>"; };
		5378361B1976FBCD00ED043D /* photo_green.png */ = {isa = PBXFileReference; lastKnownFileType = image.png; path = photo_green.png; sourceTree = "<group>"; };
		5378361D19770C8D00ED043D /* userDetailsCellTableViewCell.h */ = {isa = PBXFileReference; fileEncoding = 4; lastKnownFileType = sourcecode.c.h; path = userDetailsCellTableViewCell.h; sourceTree = "<group>"; };
		5378361E19770C8D00ED043D /* userDetailsCellTableViewCell.m */ = {isa = PBXFileReference; fileEncoding = 4; lastKnownFileType = sourcecode.c.objc; path = userDetailsCellTableViewCell.m; sourceTree = "<group>"; };
		5378361F19770C8D00ED043D /* userDetailsCellTableViewCell.xib */ = {isa = PBXFileReference; fileEncoding = 4; lastKnownFileType = file.xib; path = userDetailsCellTableViewCell.xib; sourceTree = "<group>"; };
		537836221977458500ED043D /* gender.png */ = {isa = PBXFileReference; lastKnownFileType = image.png; path = gender.png; sourceTree = "<group>"; };
		537836231977458500ED043D /* height.png */ = {isa = PBXFileReference; lastKnownFileType = image.png; path = height.png; sourceTree = "<group>"; };
		537836261977459000ED043D /* starting.png */ = {isa = PBXFileReference; lastKnownFileType = image.png; path = starting.png; sourceTree = "<group>"; };
		537836271977459000ED043D /* units.png */ = {isa = PBXFileReference; lastKnownFileType = image.png; path = units.png; sourceTree = "<group>"; };
		53BC557D1970698C00C063DF /* ConnectionViewController.h */ = {isa = PBXFileReference; fileEncoding = 4; lastKnownFileType = sourcecode.c.h; path = ConnectionViewController.h; sourceTree = "<group>"; };
		53BC557E1970698C00C063DF /* ConnectionViewController.m */ = {isa = PBXFileReference; fileEncoding = 4; lastKnownFileType = sourcecode.c.objc; path = ConnectionViewController.m; sourceTree = "<group>"; };
		53BC557F1970698C00C063DF /* ConnectionViewController.xib */ = {isa = PBXFileReference; fileEncoding = 4; lastKnownFileType = file.xib; path = ConnectionViewController.xib; sourceTree = "<group>"; };
		53BC5583197074D100C063DF /* JSON.h */ = {isa = PBXFileReference; fileEncoding = 4; lastKnownFileType = sourcecode.c.h; path = JSON.h; sourceTree = "<group>"; };
		53BC5584197074D100C063DF /* NSObject+SBJSON.h */ = {isa = PBXFileReference; fileEncoding = 4; lastKnownFileType = sourcecode.c.h; path = "NSObject+SBJSON.h"; sourceTree = "<group>"; };
		53BC5585197074D100C063DF /* NSObject+SBJSON.m */ = {isa = PBXFileReference; fileEncoding = 4; lastKnownFileType = sourcecode.c.objc; path = "NSObject+SBJSON.m"; sourceTree = "<group>"; };
		53BC5586197074D100C063DF /* NSString+SBJSON.h */ = {isa = PBXFileReference; fileEncoding = 4; lastKnownFileType = sourcecode.c.h; path = "NSString+SBJSON.h"; sourceTree = "<group>"; };
		53BC5587197074D100C063DF /* NSString+SBJSON.m */ = {isa = PBXFileReference; fileEncoding = 4; lastKnownFileType = sourcecode.c.objc; path = "NSString+SBJSON.m"; sourceTree = "<group>"; };
		53BC5588197074D100C063DF /* SBJsonBase.h */ = {isa = PBXFileReference; fileEncoding = 4; lastKnownFileType = sourcecode.c.h; path = SBJsonBase.h; sourceTree = "<group>"; };
		53BC5589197074D100C063DF /* SBJsonBase.m */ = {isa = PBXFileReference; fileEncoding = 4; lastKnownFileType = sourcecode.c.objc; path = SBJsonBase.m; sourceTree = "<group>"; };
		53BC558A197074D100C063DF /* SBJsonParser.h */ = {isa = PBXFileReference; fileEncoding = 4; lastKnownFileType = sourcecode.c.h; path = SBJsonParser.h; sourceTree = "<group>"; };
		53BC558B197074D100C063DF /* SBJsonParser.m */ = {isa = PBXFileReference; fileEncoding = 4; lastKnownFileType = sourcecode.c.objc; path = SBJsonParser.m; sourceTree = "<group>"; };
		53BC558C197074D100C063DF /* SBJsonWriter.h */ = {isa = PBXFileReference; fileEncoding = 4; lastKnownFileType = sourcecode.c.h; path = SBJsonWriter.h; sourceTree = "<group>"; };
		53BC558D197074D100C063DF /* SBJsonWriter.m */ = {isa = PBXFileReference; fileEncoding = 4; lastKnownFileType = sourcecode.c.objc; path = SBJsonWriter.m; sourceTree = "<group>"; };
		53BC55961970975A00C063DF /* herbalifeLoginViewController.h */ = {isa = PBXFileReference; fileEncoding = 4; lastKnownFileType = sourcecode.c.h; path = herbalifeLoginViewController.h; sourceTree = "<group>"; };
		53BC55971970975A00C063DF /* herbalifeLoginViewController.m */ = {isa = PBXFileReference; fileEncoding = 4; lastKnownFileType = sourcecode.c.objc; path = herbalifeLoginViewController.m; sourceTree = "<group>"; };
		53BC55981970975A00C063DF /* herbalifeLoginViewController.xib */ = {isa = PBXFileReference; fileEncoding = 4; lastKnownFileType = file.xib; path = herbalifeLoginViewController.xib; sourceTree = "<group>"; };
		53BC559F19709A9300C063DF /* ichangeLoginViewController.h */ = {isa = PBXFileReference; fileEncoding = 4; lastKnownFileType = sourcecode.c.h; path = ichangeLoginViewController.h; sourceTree = "<group>"; };
		53BC55A019709A9300C063DF /* ichangeLoginViewController.m */ = {isa = PBXFileReference; fileEncoding = 4; lastKnownFileType = sourcecode.c.objc; path = ichangeLoginViewController.m; sourceTree = "<group>"; };
		53BC55A719743D4600C063DF /* topImage.png */ = {isa = PBXFileReference; lastKnownFileType = image.png; path = topImage.png; sourceTree = "<group>"; };
		53BC55A919743DF000C063DF /* ichange_banner.png */ = {isa = PBXFileReference; lastKnownFileType = image.png; path = ichange_banner.png; sourceTree = "<group>"; };
		53DB0CA21981B882006AA0E1 /* userAlone.png */ = {isa = PBXFileReference; lastKnownFileType = image.png; path = userAlone.png; sourceTree = "<group>"; };
		53DB0CA51981BD50006AA0E1 /* initialiChangeViewController.h */ = {isa = PBXFileReference; fileEncoding = 4; lastKnownFileType = sourcecode.c.h; path = initialiChangeViewController.h; sourceTree = "<group>"; };
		53DB0CA61981BD50006AA0E1 /* initialiChangeViewController.m */ = {isa = PBXFileReference; fileEncoding = 4; lastKnownFileType = sourcecode.c.objc; path = initialiChangeViewController.m; sourceTree = "<group>"; };
		53DB0CA81981C166006AA0E1 /* backGreen.png */ = {isa = PBXFileReference; lastKnownFileType = image.png; path = backGreen.png; sourceTree = "<group>"; };
		53DB0CAA1981CA79006AA0E1 /* backSignup.png */ = {isa = PBXFileReference; lastKnownFileType = image.png; path = backSignup.png; sourceTree = "<group>"; };
		53DB0CB01982BE90006AA0E1 /* newLogback.png */ = {isa = PBXFileReference; lastKnownFileType = image.png; path = newLogback.png; sourceTree = "<group>"; };
		53DBC5541982C80A00564B8B /* backArrow.png */ = {isa = PBXFileReference; lastKnownFileType = image.png; path = backArrow.png; sourceTree = "<group>"; };
		53F20B9E19806F5C000E028E /* SWRevealViewController.h */ = {isa = PBXFileReference; fileEncoding = 4; lastKnownFileType = sourcecode.c.h; path = SWRevealViewController.h; sourceTree = "<group>"; };
		53F20B9F19806F5C000E028E /* SWRevealViewController.m */ = {isa = PBXFileReference; fileEncoding = 4; lastKnownFileType = sourcecode.c.objc; path = SWRevealViewController.m; sourceTree = "<group>"; };
		53F20BA11980765B000E028E /* editAccount.png */ = {isa = PBXFileReference; lastKnownFileType = image.png; path = editAccount.png; sourceTree = "<group>"; };
		53F20BA21980765B000E028E /* editProfile.png */ = {isa = PBXFileReference; lastKnownFileType = image.png; path = editProfile.png; sourceTree = "<group>"; };
		53F20BA519807666000E028E /* logOut.png */ = {isa = PBXFileReference; lastKnownFileType = image.png; path = logOut.png; sourceTree = "<group>"; };
		53F20BA619807666000E028E /* sendFeedback.png */ = {isa = PBXFileReference; lastKnownFileType = image.png; path = sendFeedback.png; sourceTree = "<group>"; };
		53F20BA919807AB8000E028E /* homeMain.png */ = {isa = PBXFileReference; lastKnownFileType = image.png; path = homeMain.png; sourceTree = "<group>"; };
		53F20BAB19807F32000E028E /* SettingsTableViewController.h */ = {isa = PBXFileReference; fileEncoding = 4; lastKnownFileType = sourcecode.c.h; path = SettingsTableViewController.h; sourceTree = "<group>"; };
		53F20BAC19807F32000E028E /* SettingsTableViewController.m */ = {isa = PBXFileReference; fileEncoding = 4; lastKnownFileType = sourcecode.c.objc; path = SettingsTableViewController.m; sourceTree = "<group>"; };
		53F20BAE1980855C000E028E /* home.png */ = {isa = PBXFileReference; lastKnownFileType = image.png; path = home.png; sourceTree = "<group>"; };
		53F20BAF1980855C000E028E /* home@2x.png */ = {isa = PBXFileReference; lastKnownFileType = image.png; path = "home@2x.png"; sourceTree = "<group>"; };
		53F20BB01980855C000E028E /* homeSelected.png */ = {isa = PBXFileReference; lastKnownFileType = image.png; path = homeSelected.png; sourceTree = "<group>"; };
		53F20BB11980855C000E028E /* homeSelected@2x.png */ = {isa = PBXFileReference; lastKnownFileType = image.png; path = "homeSelected@2x.png"; sourceTree = "<group>"; };
		53F20BB619809324000E028E /* add.png */ = {isa = PBXFileReference; lastKnownFileType = image.png; path = add.png; sourceTree = "<group>"; };
		53F20BB719809324000E028E /* add@2x.png */ = {isa = PBXFileReference; lastKnownFileType = image.png; path = "add@2x.png"; sourceTree = "<group>"; };
		53F20BB819809324000E028E /* friends.png */ = {isa = PBXFileReference; lastKnownFileType = image.png; path = friends.png; sourceTree = "<group>"; };
		53F20BB919809324000E028E /* friends@2x.png */ = {isa = PBXFileReference; lastKnownFileType = image.png; path = "friends@2x.png"; sourceTree = "<group>"; };
		53F20BBE19809331000E028E /* notifications.png */ = {isa = PBXFileReference; lastKnownFileType = image.png; path = notifications.png; sourceTree = "<group>"; };
		53F20BBF19809331000E028E /* notifications@2x.png */ = {isa = PBXFileReference; lastKnownFileType = image.png; path = "notifications@2x.png"; sourceTree = "<group>"; };
		53F20BC219817541000E028E /* exclamation.png */ = {isa = PBXFileReference; lastKnownFileType = image.png; path = exclamation.png; sourceTree = "<group>"; };
		53F20BC419817549000E028E /* underConstruction.png */ = {isa = PBXFileReference; lastKnownFileType = image.png; path = underConstruction.png; sourceTree = "<group>"; };
		53F20BC61981776F000E028E /* provisionalLogo.png */ = {isa = PBXFileReference; lastKnownFileType = image.png; path = provisionalLogo.png; sourceTree = "<group>"; };
		53F20BCC1981A03A000E028E /* UIImage+ImageEffects.h */ = {isa = PBXFileReference; fileEncoding = 4; lastKnownFileType = sourcecode.c.h; path = "UIImage+ImageEffects.h"; sourceTree = "<group>"; };
		53F20BCD1981A03A000E028E /* UIImage+ImageEffects.m */ = {isa = PBXFileReference; fileEncoding = 4; lastKnownFileType = sourcecode.c.objc; path = "UIImage+ImageEffects.m"; sourceTree = "<group>"; };
/* End PBXFileReference section */

/* Begin PBXFrameworksBuildPhase section */
		530F7C0A196F4BA400316D6E /* Frameworks */ = {
			isa = PBXFrameworksBuildPhase;
			buildActionMask = 2147483647;
			files = (
				530F7C13196F4BA400316D6E /* CoreGraphics.framework in Frameworks */,
				530F7C15196F4BA400316D6E /* UIKit.framework in Frameworks */,
				530F7C11196F4BA400316D6E /* Foundation.framework in Frameworks */,
			);
			runOnlyForDeploymentPostprocessing = 0;
		};
		530F7C2B196F4BA400316D6E /* Frameworks */ = {
			isa = PBXFrameworksBuildPhase;
			buildActionMask = 2147483647;
			files = (
				530F7C30196F4BA400316D6E /* XCTest.framework in Frameworks */,
				530F7C32196F4BA400316D6E /* UIKit.framework in Frameworks */,
				530F7C31196F4BA400316D6E /* Foundation.framework in Frameworks */,
			);
			runOnlyForDeploymentPostprocessing = 0;
		};
/* End PBXFrameworksBuildPhase section */

/* Begin PBXGroup section */
		530F7C04196F4BA400316D6E = {
			isa = PBXGroup;
			children = (
				530F7C4A196F51FE00316D6E /* Resources */,
				530F7C16196F4BA400316D6E /* iChange */,
				530F7C35196F4BA400316D6E /* iChangeTests */,
				530F7C0F196F4BA400316D6E /* Frameworks */,
				530F7C0E196F4BA400316D6E /* Products */,
			);
			sourceTree = "<group>";
		};
		530F7C0E196F4BA400316D6E /* Products */ = {
			isa = PBXGroup;
			children = (
				530F7C0D196F4BA400316D6E /* iChange.app */,
				530F7C2E196F4BA400316D6E /* iChangeTests.xctest */,
			);
			name = Products;
			sourceTree = "<group>";
		};
		530F7C0F196F4BA400316D6E /* Frameworks */ = {
			isa = PBXGroup;
			children = (
				530F7C10196F4BA400316D6E /* Foundation.framework */,
				530F7C12196F4BA400316D6E /* CoreGraphics.framework */,
				530F7C14196F4BA400316D6E /* UIKit.framework */,
				530F7C2F196F4BA400316D6E /* XCTest.framework */,
			);
			name = Frameworks;
			sourceTree = "<group>";
		};
		530F7C16196F4BA400316D6E /* iChange */ = {
			isa = PBXGroup;
			children = (
				53DB0CA41981BD36006AA0E1 /* initaliChangeView */,
				53BC559E19709A8000C063DF /* ichangeLogin */,
				53BC55951970972200C063DF /* herbalifeLogin */,
				53BC557C197068F000C063DF /* Connection */,
				530F7C45196F4D7900316D6E /* images */,
				530F7C1F196F4BA400316D6E /* iChangeAppDelegate.h */,
				530F7C20196F4BA400316D6E /* iChangeAppDelegate.m */,
				530F7C22196F4BA400316D6E /* Main.storyboard */,
				530F7C25196F4BA400316D6E /* iChangeViewController.h */,
				530F7C26196F4BA400316D6E /* iChangeViewController.m */,
				53F20BAB19807F32000E028E /* SettingsTableViewController.h */,
				53F20BAC19807F32000E028E /* SettingsTableViewController.m */,
				530F7C28196F4BA400316D6E /* Images.xcassets */,
				530F7C17196F4BA400316D6E /* Supporting Files */,
			);
			path = iChange;
			sourceTree = "<group>";
		};
		530F7C17196F4BA400316D6E /* Supporting Files */ = {
			isa = PBXGroup;
			children = (
				530F7C18196F4BA400316D6E /* iChange-Info.plist */,
				530F7C19196F4BA400316D6E /* InfoPlist.strings */,
				530F7C1C196F4BA400316D6E /* main.m */,
				530F7C1E196F4BA400316D6E /* iChange-Prefix.pch */,
			);
			name = "Supporting Files";
			sourceTree = "<group>";
		};
		530F7C35196F4BA400316D6E /* iChangeTests */ = {
			isa = PBXGroup;
			children = (
				530F7C3B196F4BA400316D6E /* iChangeTests.m */,
				530F7C36196F4BA400316D6E /* Supporting Files */,
			);
			path = iChangeTests;
			sourceTree = "<group>";
		};
		530F7C36196F4BA400316D6E /* Supporting Files */ = {
			isa = PBXGroup;
			children = (
				530F7C37196F4BA400316D6E /* iChangeTests-Info.plist */,
				530F7C38196F4BA400316D6E /* InfoPlist.strings */,
			);
			name = "Supporting Files";
			sourceTree = "<group>";
		};
		530F7C45196F4D7900316D6E /* images */ = {
			isa = PBXGroup;
			children = (
				53DBC5541982C80A00564B8B /* backArrow.png */,
				53DB0CB01982BE90006AA0E1 /* newLogback.png */,
				53DB0CAA1981CA79006AA0E1 /* backSignup.png */,
				53DB0CA81981C166006AA0E1 /* backGreen.png */,
				53DB0CA21981B882006AA0E1 /* userAlone.png */,
				53F20BC61981776F000E028E /* provisionalLogo.png */,
				53F20BC419817549000E028E /* underConstruction.png */,
				53F20BC219817541000E028E /* exclamation.png */,
				53F20BBE19809331000E028E /* notifications.png */,
				53F20BBF19809331000E028E /* notifications@2x.png */,
				53F20BB619809324000E028E /* add.png */,
				53F20BB719809324000E028E /* add@2x.png */,
				53F20BB819809324000E028E /* friends.png */,
				53F20BB919809324000E028E /* friends@2x.png */,
				53F20BAE1980855C000E028E /* home.png */,
				53F20BAF1980855C000E028E /* home@2x.png */,
				53F20BB01980855C000E028E /* homeSelected.png */,
				53F20BB11980855C000E028E /* homeSelected@2x.png */,
				53F20BA919807AB8000E028E /* homeMain.png */,
				53F20BA519807666000E028E /* logOut.png */,
				53F20BA619807666000E028E /* sendFeedback.png */,
				53F20BA11980765B000E028E /* editAccount.png */,
				53F20BA21980765B000E028E /* editProfile.png */,
				537836261977459000ED043D /* starting.png */,
				537836271977459000ED043D /* units.png */,
				537836221977458500ED043D /* gender.png */,
				537836231977458500ED043D /* height.png */,
				5378361B1976FBCD00ED043D /* photo_green.png */,
				537836191976F6A000ED043D /* selfieTmp.png */,
				537836171976F10D00ED043D /* photo.png */,
				537836151976F05A00ED043D /* takephoto.png */,
				537836131976ED1200ED043D /* shakes_back.png */,
				537835601975C65600ED043D /* bulb.png */,
				5378355A1975BA3900ED043D /* userinfoCell.png */,
				5378355B1975BA3900ED043D /* userinfoPass.png */,
				5378355C1975BA3900ED043D /* userinfoUser.png */,
				53BC55A919743DF000C063DF /* ichange_banner.png */,
				53BC55A719743D4600C063DF /* topImage.png */,
				530F7C52196F5CAA00316D6E /* loginBack.png */,
				530F7C46196F4D7900316D6E /* lock.png */,
				530F7C47196F4D7900316D6E /* user.png */,
			);
			path = images;
			sourceTree = "<group>";
		};
		530F7C4A196F51FE00316D6E /* Resources */ = {
			isa = PBXGroup;
			children = (
				53F20BCB1981A03A000E028E /* ImageEffect */,
				53F20B9D19806F5C000E028E /* Library */,
			);
			name = Resources;
			path = iChange/Resources;
			sourceTree = "<group>";
		};
		53BC557C197068F000C063DF /* Connection */ = {
			isa = PBXGroup;
			children = (
				53BC5582197074D100C063DF /* JSON */,
				53BC557D1970698C00C063DF /* ConnectionViewController.h */,
				53BC557E1970698C00C063DF /* ConnectionViewController.m */,
				53BC557F1970698C00C063DF /* ConnectionViewController.xib */,
			);
			path = Connection;
			sourceTree = "<group>";
		};
		53BC5582197074D100C063DF /* JSON */ = {
			isa = PBXGroup;
			children = (
				53BC5583197074D100C063DF /* JSON.h */,
				53BC5584197074D100C063DF /* NSObject+SBJSON.h */,
				53BC5585197074D100C063DF /* NSObject+SBJSON.m */,
				53BC5586197074D100C063DF /* NSString+SBJSON.h */,
				53BC5587197074D100C063DF /* NSString+SBJSON.m */,
				53BC5588197074D100C063DF /* SBJsonBase.h */,
				53BC5589197074D100C063DF /* SBJsonBase.m */,
				53BC558A197074D100C063DF /* SBJsonParser.h */,
				53BC558B197074D100C063DF /* SBJsonParser.m */,
				53BC558C197074D100C063DF /* SBJsonWriter.h */,
				53BC558D197074D100C063DF /* SBJsonWriter.m */,
			);
			path = JSON;
			sourceTree = "<group>";
		};
		53BC55951970972200C063DF /* herbalifeLogin */ = {
			isa = PBXGroup;
			children = (
				53BC55961970975A00C063DF /* herbalifeLoginViewController.h */,
				53BC55971970975A00C063DF /* herbalifeLoginViewController.m */,
				53BC55981970975A00C063DF /* herbalifeLoginViewController.xib */,
				537835551975B5E400ED043D /* userInfoTableViewCell.h */,
				537835561975B5E400ED043D /* userInfoTableViewCell.m */,
				537835571975B5E400ED043D /* userInfoTableViewCell.xib */,
				537835621975E7A300ED043D /* userDetailsViewController.h */,
				537835631975E7A300ED043D /* userDetailsViewController.m */,
				537835641975E7A300ED043D /* userDetailsViewController.xib */,
				5378361D19770C8D00ED043D /* userDetailsCellTableViewCell.h */,
				5378361E19770C8D00ED043D /* userDetailsCellTableViewCell.m */,
				5378361F19770C8D00ED043D /* userDetailsCellTableViewCell.xib */,
			);
			path = herbalifeLogin;
			sourceTree = "<group>";
		};
		53BC559E19709A8000C063DF /* ichangeLogin */ = {
			isa = PBXGroup;
			children = (
				53BC559F19709A9300C063DF /* ichangeLoginViewController.h */,
				53BC55A019709A9300C063DF /* ichangeLoginViewController.m */,
			);
			path = ichangeLogin;
			sourceTree = "<group>";
		};
		53DB0CA41981BD36006AA0E1 /* initaliChangeView */ = {
			isa = PBXGroup;
			children = (
				53DB0CA51981BD50006AA0E1 /* initialiChangeViewController.h */,
				53DB0CA61981BD50006AA0E1 /* initialiChangeViewController.m */,
			);
			path = initaliChangeView;
			sourceTree = "<group>";
		};
		53F20B9D19806F5C000E028E /* Library */ = {
			isa = PBXGroup;
			children = (
				53F20B9E19806F5C000E028E /* SWRevealViewController.h */,
				53F20B9F19806F5C000E028E /* SWRevealViewController.m */,
			);
			path = Library;
			sourceTree = "<group>";
		};
		53F20BCB1981A03A000E028E /* ImageEffect */ = {
			isa = PBXGroup;
			children = (
				53F20BCC1981A03A000E028E /* UIImage+ImageEffects.h */,
				53F20BCD1981A03A000E028E /* UIImage+ImageEffects.m */,
			);
			path = ImageEffect;
			sourceTree = "<group>";
		};
/* End PBXGroup section */

/* Begin PBXNativeTarget section */
		530F7C0C196F4BA400316D6E /* iChange */ = {
			isa = PBXNativeTarget;
			buildConfigurationList = 530F7C3F196F4BA400316D6E /* Build configuration list for PBXNativeTarget "iChange" */;
			buildPhases = (
				530F7C09196F4BA400316D6E /* Sources */,
				530F7C0A196F4BA400316D6E /* Frameworks */,
				530F7C0B196F4BA400316D6E /* Resources */,
			);
			buildRules = (
			);
			dependencies = (
			);
			name = iChange;
			productName = iChange;
			productReference = 530F7C0D196F4BA400316D6E /* iChange.app */;
			productType = "com.apple.product-type.application";
		};
		530F7C2D196F4BA400316D6E /* iChangeTests */ = {
			isa = PBXNativeTarget;
			buildConfigurationList = 530F7C42196F4BA400316D6E /* Build configuration list for PBXNativeTarget "iChangeTests" */;
			buildPhases = (
				530F7C2A196F4BA400316D6E /* Sources */,
				530F7C2B196F4BA400316D6E /* Frameworks */,
				530F7C2C196F4BA400316D6E /* Resources */,
			);
			buildRules = (
			);
			dependencies = (
				530F7C34196F4BA400316D6E /* PBXTargetDependency */,
			);
			name = iChangeTests;
			productName = iChangeTests;
			productReference = 530F7C2E196F4BA400316D6E /* iChangeTests.xctest */;
			productType = "com.apple.product-type.bundle.unit-test";
		};
/* End PBXNativeTarget section */

/* Begin PBXProject section */
		530F7C05196F4BA400316D6E /* Project object */ = {
			isa = PBXProject;
			attributes = {
				CLASSPREFIX = iChange;
				LastUpgradeCheck = 0510;
				ORGANIZATIONNAME = Herbalife;
				TargetAttributes = {
					530F7C2D196F4BA400316D6E = {
						TestTargetID = 530F7C0C196F4BA400316D6E;
					};
				};
			};
			buildConfigurationList = 530F7C08196F4BA400316D6E /* Build configuration list for PBXProject "iChange" */;
			compatibilityVersion = "Xcode 3.2";
			developmentRegion = English;
			hasScannedForEncodings = 0;
			knownRegions = (
				en,
				Base,
			);
			mainGroup = 530F7C04196F4BA400316D6E;
			productRefGroup = 530F7C0E196F4BA400316D6E /* Products */;
			projectDirPath = "";
			projectRoot = "";
			targets = (
				530F7C0C196F4BA400316D6E /* iChange */,
				530F7C2D196F4BA400316D6E /* iChangeTests */,
			);
		};
/* End PBXProject section */

/* Begin PBXResourcesBuildPhase section */
		530F7C0B196F4BA400316D6E /* Resources */ = {
			isa = PBXResourcesBuildPhase;
			buildActionMask = 2147483647;
			files = (
				53DBC5551982C80A00564B8B /* backArrow.png in Resources */,
				537835611975C65600ED043D /* bulb.png in Resources */,
				53F20BC119809331000E028E /* notifications@2x.png in Resources */,
				537835591975B5E400ED043D /* userInfoTableViewCell.xib in Resources */,
				53F20BB21980855C000E028E /* home.png in Resources */,
				53DB0CA31981B882006AA0E1 /* userAlone.png in Resources */,
				5378361C1976FBCD00ED043D /* photo_green.png in Resources */,
				537836181976F10D00ED043D /* photo.png in Resources */,
				53F20BB41980855C000E028E /* homeSelected.png in Resources */,
				53DB0CAB1981CA79006AA0E1 /* backSignup.png in Resources */,
				53F20BA819807666000E028E /* sendFeedback.png in Resources */,
				530F7C48196F4D7900316D6E /* lock.png in Resources */,
				53BC55A819743D4600C063DF /* topImage.png in Resources */,
				5378361A1976F6A000ED043D /* selfieTmp.png in Resources */,
				530F7C49196F4D7900316D6E /* user.png in Resources */,
				530F7C53196F5CAA00316D6E /* loginBack.png in Resources */,
				5378355E1975BA3900ED043D /* userinfoPass.png in Resources */,
				53F20BBC19809324000E028E /* friends.png in Resources */,
				537836241977458500ED043D /* gender.png in Resources */,
				53F20BC519817549000E028E /* underConstruction.png in Resources */,
				53DB0CA91981C166006AA0E1 /* backGreen.png in Resources */,
				53F20BAA19807AB8000E028E /* homeMain.png in Resources */,
				530F7C29196F4BA400316D6E /* Images.xcassets in Resources */,
				53F20BC71981776F000E028E /* provisionalLogo.png in Resources */,
				530F7C1B196F4BA400316D6E /* InfoPlist.strings in Resources */,
				5378355F1975BA3900ED043D /* userinfoUser.png in Resources */,
				53F20BA41980765B000E028E /* editProfile.png in Resources */,
				53F20BBA19809324000E028E /* add.png in Resources */,
				53F20BBD19809324000E028E /* friends@2x.png in Resources */,
				537835661975E7A300ED043D /* userDetailsViewController.xib in Resources */,
				53F20BA719807666000E028E /* logOut.png in Resources */,
				530F7C24196F4BA400316D6E /* Main.storyboard in Resources */,
				537836251977458500ED043D /* height.png in Resources */,
				53BC55AA19743DF000C063DF /* ichange_banner.png in Resources */,
				5378355D1975BA3900ED043D /* userinfoCell.png in Resources */,
				53DB0CB11982BE90006AA0E1 /* newLogback.png in Resources */,
				537836141976ED1200ED043D /* shakes_back.png in Resources */,
				53F20BC019809331000E028E /* notifications.png in Resources */,
				53F20BBB19809324000E028E /* add@2x.png in Resources */,
				53BC559A1970975A00C063DF /* herbalifeLoginViewController.xib in Resources */,
				53F20BC319817541000E028E /* exclamation.png in Resources */,
				53BC55811970698C00C063DF /* ConnectionViewController.xib in Resources */,
				537836281977459000ED043D /* starting.png in Resources */,
				53F20BB51980855C000E028E /* homeSelected@2x.png in Resources */,
				537836291977459000ED043D /* units.png in Resources */,
				53F20BA31980765B000E028E /* editAccount.png in Resources */,
				53F20BB31980855C000E028E /* home@2x.png in Resources */,
				5378362119770C8D00ED043D /* userDetailsCellTableViewCell.xib in Resources */,
				537836161976F05A00ED043D /* takephoto.png in Resources */,
			);
			runOnlyForDeploymentPostprocessing = 0;
		};
		530F7C2C196F4BA400316D6E /* Resources */ = {
			isa = PBXResourcesBuildPhase;
			buildActionMask = 2147483647;
			files = (
				530F7C3A196F4BA400316D6E /* InfoPlist.strings in Resources */,
			);
			runOnlyForDeploymentPostprocessing = 0;
		};
/* End PBXResourcesBuildPhase section */

/* Begin PBXSourcesBuildPhase section */
		530F7C09196F4BA400316D6E /* Sources */ = {
			isa = PBXSourcesBuildPhase;
			buildActionMask = 2147483647;
			files = (
				537835651975E7A300ED043D /* userDetailsViewController.m in Sources */,
				53BC558E197074D100C063DF /* NSObject+SBJSON.m in Sources */,
				53F20BCE1981A03A000E028E /* UIImage+ImageEffects.m in Sources */,
				53BC55991970975A00C063DF /* herbalifeLoginViewController.m in Sources */,
				53BC55801970698C00C063DF /* ConnectionViewController.m in Sources */,
				530F7C27196F4BA400316D6E /* iChangeViewController.m in Sources */,
				53BC5590197074D100C063DF /* SBJsonBase.m in Sources */,
				5378362019770C8D00ED043D /* userDetailsCellTableViewCell.m in Sources */,
				537835581975B5E400ED043D /* userInfoTableViewCell.m in Sources */,
				53BC5592197074D100C063DF /* SBJsonWriter.m in Sources */,
				530F7C21196F4BA400316D6E /* iChangeAppDelegate.m in Sources */,
				53DB0CA71981BD50006AA0E1 /* initialiChangeViewController.m in Sources */,
				53F20BA019806F5C000E028E /* SWRevealViewController.m in Sources */,
				53BC55A119709A9300C063DF /* ichangeLoginViewController.m in Sources */,
				53F20BAD19807F32000E028E /* SettingsTableViewController.m in Sources */,
				53BC5591197074D100C063DF /* SBJsonParser.m in Sources */,
				53BC558F197074D100C063DF /* NSString+SBJSON.m in Sources */,
				530F7C1D196F4BA400316D6E /* main.m in Sources */,
			);
			runOnlyForDeploymentPostprocessing = 0;
		};
		530F7C2A196F4BA400316D6E /* Sources */ = {
			isa = PBXSourcesBuildPhase;
			buildActionMask = 2147483647;
			files = (
				530F7C3C196F4BA400316D6E /* iChangeTests.m in Sources */,
			);
			runOnlyForDeploymentPostprocessing = 0;
		};
/* End PBXSourcesBuildPhase section */

/* Begin PBXTargetDependency section */
		530F7C34196F4BA400316D6E /* PBXTargetDependency */ = {
			isa = PBXTargetDependency;
			target = 530F7C0C196F4BA400316D6E /* iChange */;
			targetProxy = 530F7C33196F4BA400316D6E /* PBXContainerItemProxy */;
		};
/* End PBXTargetDependency section */

/* Begin PBXVariantGroup section */
		530F7C19196F4BA400316D6E /* InfoPlist.strings */ = {
			isa = PBXVariantGroup;
			children = (
				530F7C1A196F4BA400316D6E /* en */,
			);
			name = InfoPlist.strings;
			sourceTree = "<group>";
		};
		530F7C22196F4BA400316D6E /* Main.storyboard */ = {
			isa = PBXVariantGroup;
			children = (
				530F7C23196F4BA400316D6E /* Base */,
			);
			name = Main.storyboard;
			sourceTree = "<group>";
		};
		530F7C38196F4BA400316D6E /* InfoPlist.strings */ = {
			isa = PBXVariantGroup;
			children = (
				530F7C39196F4BA400316D6E /* en */,
			);
			name = InfoPlist.strings;
			sourceTree = "<group>";
		};
/* End PBXVariantGroup section */

/* Begin XCBuildConfiguration section */
		530F7C3D196F4BA400316D6E /* Debug */ = {
			isa = XCBuildConfiguration;
			buildSettings = {
				ALWAYS_SEARCH_USER_PATHS = NO;
				CLANG_CXX_LANGUAGE_STANDARD = "gnu++0x";
				CLANG_CXX_LIBRARY = "libc++";
				CLANG_ENABLE_MODULES = YES;
				CLANG_ENABLE_OBJC_ARC = YES;
				CLANG_WARN_BOOL_CONVERSION = YES;
				CLANG_WARN_CONSTANT_CONVERSION = YES;
				CLANG_WARN_DIRECT_OBJC_ISA_USAGE = YES_ERROR;
				CLANG_WARN_EMPTY_BODY = YES;
				CLANG_WARN_ENUM_CONVERSION = YES;
				CLANG_WARN_INT_CONVERSION = YES;
				CLANG_WARN_OBJC_ROOT_CLASS = YES_ERROR;
				CLANG_WARN__DUPLICATE_METHOD_MATCH = YES;
				CODE_SIGN_IDENTITY = "iPhone Developer";
				"CODE_SIGN_IDENTITY[sdk=iphoneos*]" = "iPhone Developer";
				COPY_PHASE_STRIP = NO;
				GCC_C_LANGUAGE_STANDARD = gnu99;
				GCC_DYNAMIC_NO_PIC = NO;
				GCC_OPTIMIZATION_LEVEL = 0;
				GCC_PREPROCESSOR_DEFINITIONS = (
					"DEBUG=1",
					"$(inherited)",
				);
				GCC_SYMBOLS_PRIVATE_EXTERN = NO;
				GCC_WARN_64_TO_32_BIT_CONVERSION = YES;
				GCC_WARN_ABOUT_RETURN_TYPE = YES_ERROR;
				GCC_WARN_UNDECLARED_SELECTOR = YES;
				GCC_WARN_UNINITIALIZED_AUTOS = YES_AGGRESSIVE;
				GCC_WARN_UNUSED_FUNCTION = YES;
				GCC_WARN_UNUSED_VARIABLE = YES;
				IPHONEOS_DEPLOYMENT_TARGET = 7.1;
				ONLY_ACTIVE_ARCH = YES;
				SDKROOT = iphoneos;
			};
			name = Debug;
		};
		530F7C3E196F4BA400316D6E /* Release */ = {
			isa = XCBuildConfiguration;
			buildSettings = {
				ALWAYS_SEARCH_USER_PATHS = NO;
				CLANG_CXX_LANGUAGE_STANDARD = "gnu++0x";
				CLANG_CXX_LIBRARY = "libc++";
				CLANG_ENABLE_MODULES = YES;
				CLANG_ENABLE_OBJC_ARC = YES;
				CLANG_WARN_BOOL_CONVERSION = YES;
				CLANG_WARN_CONSTANT_CONVERSION = YES;
				CLANG_WARN_DIRECT_OBJC_ISA_USAGE = YES_ERROR;
				CLANG_WARN_EMPTY_BODY = YES;
				CLANG_WARN_ENUM_CONVERSION = YES;
				CLANG_WARN_INT_CONVERSION = YES;
				CLANG_WARN_OBJC_ROOT_CLASS = YES_ERROR;
				CLANG_WARN__DUPLICATE_METHOD_MATCH = YES;
				CODE_SIGN_IDENTITY = "iPhone Developer";
				"CODE_SIGN_IDENTITY[sdk=iphoneos*]" = "iPhone Developer";
				COPY_PHASE_STRIP = YES;
				ENABLE_NS_ASSERTIONS = NO;
				GCC_C_LANGUAGE_STANDARD = gnu99;
				GCC_WARN_64_TO_32_BIT_CONVERSION = YES;
				GCC_WARN_ABOUT_RETURN_TYPE = YES_ERROR;
				GCC_WARN_UNDECLARED_SELECTOR = YES;
				GCC_WARN_UNINITIALIZED_AUTOS = YES_AGGRESSIVE;
				GCC_WARN_UNUSED_FUNCTION = YES;
				GCC_WARN_UNUSED_VARIABLE = YES;
				IPHONEOS_DEPLOYMENT_TARGET = 7.1;
				SDKROOT = iphoneos;
				VALIDATE_PRODUCT = YES;
			};
			name = Release;
		};
		530F7C40196F4BA400316D6E /* Debug */ = {
			isa = XCBuildConfiguration;
			buildSettings = {
				ASSETCATALOG_COMPILER_APPICON_NAME = AppIcon;
				ASSETCATALOG_COMPILER_LAUNCHIMAGE_NAME = LaunchImage;
				FRAMEWORK_SEARCH_PATHS = (
					"$(inherited)",
					"$(PROJECT_DIR)/iChange/Resources",
				);
				GCC_PRECOMPILE_PREFIX_HEADER = YES;
				GCC_PREFIX_HEADER = "iChange/iChange-Prefix.pch";
				INFOPLIST_FILE = "iChange/iChange-Info.plist";
				PRODUCT_NAME = "$(TARGET_NAME)";
				WRAPPER_EXTENSION = app;
			};
			name = Debug;
		};
		530F7C41196F4BA400316D6E /* Release */ = {
			isa = XCBuildConfiguration;
			buildSettings = {
				ASSETCATALOG_COMPILER_APPICON_NAME = AppIcon;
				ASSETCATALOG_COMPILER_LAUNCHIMAGE_NAME = LaunchImage;
				FRAMEWORK_SEARCH_PATHS = (
					"$(inherited)",
					"$(PROJECT_DIR)/iChange/Resources",
				);
				GCC_PRECOMPILE_PREFIX_HEADER = YES;
				GCC_PREFIX_HEADER = "iChange/iChange-Prefix.pch";
				INFOPLIST_FILE = "iChange/iChange-Info.plist";
				PRODUCT_NAME = "$(TARGET_NAME)";
				WRAPPER_EXTENSION = app;
			};
			name = Release;
		};
		530F7C43196F4BA400316D6E /* Debug */ = {
			isa = XCBuildConfiguration;
			buildSettings = {
				BUNDLE_LOADER = "$(BUILT_PRODUCTS_DIR)/iChange.app/iChange";
				FRAMEWORK_SEARCH_PATHS = (
					"$(SDKROOT)/Developer/Library/Frameworks",
					"$(inherited)",
					"$(DEVELOPER_FRAMEWORKS_DIR)",
				);
				GCC_PRECOMPILE_PREFIX_HEADER = YES;
				GCC_PREFIX_HEADER = "iChange/iChange-Prefix.pch";
				GCC_PREPROCESSOR_DEFINITIONS = (
					"DEBUG=1",
					"$(inherited)",
				);
				INFOPLIST_FILE = "iChangeTests/iChangeTests-Info.plist";
				PRODUCT_NAME = "$(TARGET_NAME)";
				TEST_HOST = "$(BUNDLE_LOADER)";
				WRAPPER_EXTENSION = xctest;
			};
			name = Debug;
		};
		530F7C44196F4BA400316D6E /* Release */ = {
			isa = XCBuildConfiguration;
			buildSettings = {
				BUNDLE_LOADER = "$(BUILT_PRODUCTS_DIR)/iChange.app/iChange";
				FRAMEWORK_SEARCH_PATHS = (
					"$(SDKROOT)/Developer/Library/Frameworks",
					"$(inherited)",
					"$(DEVELOPER_FRAMEWORKS_DIR)",
				);
				GCC_PRECOMPILE_PREFIX_HEADER = YES;
				GCC_PREFIX_HEADER = "iChange/iChange-Prefix.pch";
				INFOPLIST_FILE = "iChangeTests/iChangeTests-Info.plist";
				PRODUCT_NAME = "$(TARGET_NAME)";
				TEST_HOST = "$(BUNDLE_LOADER)";
				WRAPPER_EXTENSION = xctest;
			};
			name = Release;
		};
/* End XCBuildConfiguration section */

/* Begin XCConfigurationList section */
		530F7C08196F4BA400316D6E /* Build configuration list for PBXProject "iChange" */ = {
			isa = XCConfigurationList;
			buildConfigurations = (
				530F7C3D196F4BA400316D6E /* Debug */,
				530F7C3E196F4BA400316D6E /* Release */,
			);
			defaultConfigurationIsVisible = 0;
			defaultConfigurationName = Release;
		};
		530F7C3F196F4BA400316D6E /* Build configuration list for PBXNativeTarget "iChange" */ = {
			isa = XCConfigurationList;
			buildConfigurations = (
				530F7C40196F4BA400316D6E /* Debug */,
				530F7C41196F4BA400316D6E /* Release */,
			);
			defaultConfigurationIsVisible = 0;
			defaultConfigurationName = Release;
		};
		530F7C42196F4BA400316D6E /* Build configuration list for PBXNativeTarget "iChangeTests" */ = {
			isa = XCConfigurationList;
			buildConfigurations = (
				530F7C43196F4BA400316D6E /* Debug */,
				530F7C44196F4BA400316D6E /* Release */,
			);
			defaultConfigurationIsVisible = 0;
			defaultConfigurationName = Release;
		};
/* End XCConfigurationList section */
	};
	rootObject = 530F7C05196F4BA400316D6E /* Project object */;
}
